
Microsoft Visual Studio Solution File, Format Version 11.00
# Visual Studio 2010
# SharpDevelop 5.1
Project("{FAE04EC0-301F-11D3-BF4B-00C04F79EFBC}") = "Santander_InternetBanking_ExtratoBancario", "Santander_InternetBanking_ExtratoBancario\Santander_InternetBanking_ExtratoBancario.csproj", "{38A1DEB9-F9FB-4614-9EAB-8137F73BA9FC}"
EndProject
Global
	GlobalSection(SolutionConfigurationPlatforms) = preSolution
		Debug|Any CPU = Debug|Any CPU
		Release|Any CPU = Release|Any CPU
	EndGlobalSection
	GlobalSection(ProjectConfigurationPlatforms) = postSolution
		{38A1DEB9-F9FB-4614-9EAB-8137F73BA9FC}.Debug|Any CPU.ActiveCfg = Debug|Any CPU
		{38A1DEB9-F9FB-4614-9EAB-8137F73BA9FC}.Debug|Any CPU.Build.0 = Debug|Any CPU
		{38A1DEB9-F9FB-4614-9EAB-8137F73BA9FC}.Release|Any CPU.ActiveCfg = Release|Any CPU
		{38A1DEB9-F9FB-4614-9EAB-8137F73BA9FC}.Release|Any CPU.Build.0 = Release|Any CPU
	EndGlobalSection
EndGlobal
